
Microsoft Visual Studio Solution File, Format Version 12.00
# Visual Studio Version 17
VisualStudioVersion = 17.5.33424.131
MinimumVisualStudioVersion = 10.0.40219.1
Project("{2150E333-8FDC-42A3-9474-1A3956D46DE8}") = "Src", "Src", "{B2EADAB4-D401-4D86-A596-10D665843956}"
EndProject
Project("{2150E333-8FDC-42A3-9474-1A3956D46DE8}") = "TestTryPlay", "TestTryPlay", "{451E6D2D-29E3-46F1-9FAD-8E919C3B7A3D}"
EndProject
Project("{9A19103F-16F7-4668-BE54-9A1E7A4F7556}") = "TryFeature", "Src\TryFeature\TryFeature.csproj", "{F4FB6A28-89C9-4C24-9A85-75D117031D1E}"
EndProject
Project("{2150E333-8FDC-42A3-9474-1A3956D46DE8}") = "Libraries", "Libraries", "{19DC66B8-E3C5-4AF7-B89C-232844CEBEAB}"
EndProject
Project("{9A19103F-16F7-4668-BE54-9A1E7A4F7556}") = "ClientApp", "Src\ClientApp\ClientApp.csproj", "{3B0C4861-81E3-443E-B61B-D708F7619024}"
EndProject
Project("{9A19103F-16F7-4668-BE54-9A1E7A4F7556}") = "MonoGame.Framework.WindowsDX", "Libraries\MonoGame\MonoGame.Framework\MonoGame.Framework.WindowsDX.csproj", "{8AFB8E28-272F-4750-8487-95A10DD14388}"
EndProject
Project("{9A19103F-16F7-4668-BE54-9A1E7A4F7556}") = "EyesGUI", "Src\EyesGUI\EyesGUI.csproj", "{EF1D364B-223A-4F28-B866-21054017F032}"
EndProject
Project("{2150E333-8FDC-42A3-9474-1A3956D46DE8}") = "Test", "Test", "{9A101D98-0286-4E0F-9BC5-82836EBC7095}"
EndProject
Project("{9A19103F-16F7-4668-BE54-9A1E7A4F7556}") = "EyesGUITester", "Test\EyesGUITester\EyesGUITester.csproj", "{86197879-3791-43E2-BE8E-5B406F7022CC}"
EndProject
Project("{FAE04EC0-301F-11D3-BF4B-00C04F79EFBC}") = "CommonBase", "Src\CommonBase\CommonBase.csproj", "{B029D301-49F1-4F3C-940E-0A04614D64BF}"
EndProject
Global
	GlobalSection(SolutionConfigurationPlatforms) = preSolution
		Debug|Any CPU = Debug|Any CPU
		Debug|x64 = Debug|x64
		Release|Any CPU = Release|Any CPU
		Release|x64 = Release|x64
	EndGlobalSection
	GlobalSection(ProjectConfigurationPlatforms) = postSolution
		{F4FB6A28-89C9-4C24-9A85-75D117031D1E}.Debug|Any CPU.ActiveCfg = Debug|Any CPU
		{F4FB6A28-89C9-4C24-9A85-75D117031D1E}.Debug|Any CPU.Build.0 = Debug|Any CPU
		{F4FB6A28-89C9-4C24-9A85-75D117031D1E}.Debug|x64.ActiveCfg = Debug|x64
		{F4FB6A28-89C9-4C24-9A85-75D117031D1E}.Debug|x64.Build.0 = Debug|x64
		{F4FB6A28-89C9-4C24-9A85-75D117031D1E}.Release|Any CPU.ActiveCfg = Release|Any CPU
		{F4FB6A28-89C9-4C24-9A85-75D117031D1E}.Release|Any CPU.Build.0 = Release|Any CPU
		{F4FB6A28-89C9-4C24-9A85-75D117031D1E}.Release|x64.ActiveCfg = Release|x64
		{F4FB6A28-89C9-4C24-9A85-75D117031D1E}.Release|x64.Build.0 = Release|x64
		{3B0C4861-81E3-443E-B61B-D708F7619024}.Debug|Any CPU.ActiveCfg = Debug|Any CPU
		{3B0C4861-81E3-443E-B61B-D708F7619024}.Debug|Any CPU.Build.0 = Debug|Any CPU
		{3B0C4861-81E3-443E-B61B-D708F7619024}.Debug|x64.ActiveCfg = Debug|Any CPU
		{3B0C4861-81E3-443E-B61B-D708F7619024}.Debug|x64.Build.0 = Debug|Any CPU
		{3B0C4861-81E3-443E-B61B-D708F7619024}.Release|Any CPU.ActiveCfg = Release|Any CPU
		{3B0C4861-81E3-443E-B61B-D708F7619024}.Release|Any CPU.Build.0 = Release|Any CPU
		{3B0C4861-81E3-443E-B61B-D708F7619024}.Release|x64.ActiveCfg = Release|Any CPU
		{3B0C4861-81E3-443E-B61B-D708F7619024}.Release|x64.Build.0 = Release|Any CPU
		{8AFB8E28-272F-4750-8487-95A10DD14388}.Debug|Any CPU.ActiveCfg = Debug|Any CPU
		{8AFB8E28-272F-4750-8487-95A10DD14388}.Debug|Any CPU.Build.0 = Debug|Any CPU
		{8AFB8E28-272F-4750-8487-95A10DD14388}.Debug|x64.ActiveCfg = Debug|Any CPU
		{8AFB8E28-272F-4750-8487-95A10DD14388}.Debug|x64.Build.0 = Debug|Any CPU
		{8AFB8E28-272F-4750-8487-95A10DD14388}.Release|Any CPU.ActiveCfg = Release|Any CPU
		{8AFB8E28-272F-4750-8487-95A10DD14388}.Release|Any CPU.Build.0 = Release|Any CPU
		{8AFB8E28-272F-4750-8487-95A10DD14388}.Release|x64.ActiveCfg = Release|Any CPU
		{8AFB8E28-272F-4750-8487-95A10DD14388}.Release|x64.Build.0 = Release|Any CPU
		{EF1D364B-223A-4F28-B866-21054017F032}.Debug|Any CPU.ActiveCfg = Debug|Any CPU
		{EF1D364B-223A-4F28-B866-21054017F032}.Debug|Any CPU.Build.0 = Debug|Any CPU
		{EF1D364B-223A-4F28-B866-21054017F032}.Debug|x64.ActiveCfg = Debug|Any CPU
		{EF1D364B-223A-4F28-B866-21054017F032}.Debug|x64.Build.0 = Debug|Any CPU
		{EF1D364B-223A-4F28-B866-21054017F032}.Release|Any CPU.ActiveCfg = Release|Any CPU
		{EF1D364B-223A-4F28-B866-21054017F032}.Release|Any CPU.Build.0 = Release|Any CPU
		{EF1D364B-223A-4F28-B866-21054017F032}.Release|x64.ActiveCfg = Release|Any CPU
		{EF1D364B-223A-4F28-B866-21054017F032}.Release|x64.Build.0 = Release|Any CPU
		{86197879-3791-43E2-BE8E-5B406F7022CC}.Debug|Any CPU.ActiveCfg = Debug|Any CPU
		{86197879-3791-43E2-BE8E-5B406F7022CC}.Debug|Any CPU.Build.0 = Debug|Any CPU
		{86197879-3791-43E2-BE8E-5B406F7022CC}.Debug|x64.ActiveCfg = Debug|Any CPU
		{86197879-3791-43E2-BE8E-5B406F7022CC}.Debug|x64.Build.0 = Debug|Any CPU
		{86197879-3791-43E2-BE8E-5B406F7022CC}.Release|Any CPU.ActiveCfg = Release|Any CPU
		{86197879-3791-43E2-BE8E-5B406F7022CC}.Release|Any CPU.Build.0 = Release|Any CPU
		{86197879-3791-43E2-BE8E-5B406F7022CC}.Release|x64.ActiveCfg = Release|Any CPU
		{86197879-3791-43E2-BE8E-5B406F7022CC}.Release|x64.Build.0 = Release|Any CPU
		{B029D301-49F1-4F3C-940E-0A04614D64BF}.Debug|Any CPU.ActiveCfg = Debug|Any CPU
		{B029D301-49F1-4F3C-940E-0A04614D64BF}.Debug|Any CPU.Build.0 = Debug|Any CPU
		{B029D301-49F1-4F3C-940E-0A04614D64BF}.Debug|x64.ActiveCfg = Debug|Any CPU
		{B029D301-49F1-4F3C-940E-0A04614D64BF}.Debug|x64.Build.0 = Debug|Any CPU
		{B029D301-49F1-4F3C-940E-0A04614D64BF}.Release|Any CPU.ActiveCfg = Release|Any CPU
		{B029D301-49F1-4F3C-940E-0A04614D64BF}.Release|Any CPU.Build.0 = Release|Any CPU
		{B029D301-49F1-4F3C-940E-0A04614D64BF}.Release|x64.ActiveCfg = Release|Any CPU
		{B029D301-49F1-4F3C-940E-0A04614D64BF}.Release|x64.Build.0 = Release|Any CPU
	EndGlobalSection
	GlobalSection(SolutionProperties) = preSolution
		HideSolutionNode = FALSE
	EndGlobalSection
	GlobalSection(NestedProjects) = preSolution
		{F4FB6A28-89C9-4C24-9A85-75D117031D1E} = {451E6D2D-29E3-46F1-9FAD-8E919C3B7A3D}
		{3B0C4861-81E3-443E-B61B-D708F7619024} = {B2EADAB4-D401-4D86-A596-10D665843956}
		{8AFB8E28-272F-4750-8487-95A10DD14388} = {19DC66B8-E3C5-4AF7-B89C-232844CEBEAB}
		{EF1D364B-223A-4F28-B866-21054017F032} = {B2EADAB4-D401-4D86-A596-10D665843956}
		{86197879-3791-43E2-BE8E-5B406F7022CC} = {9A101D98-0286-4E0F-9BC5-82836EBC7095}
		{B029D301-49F1-4F3C-940E-0A04614D64BF} = {B2EADAB4-D401-4D86-A596-10D665843956}
	EndGlobalSection
	GlobalSection(ExtensibilityGlobals) = postSolution
		SolutionGuid = {A94D3FCF-2A6F-432E-BC57-02F54D59F1EB}
	EndGlobalSection
EndGlobal
